
Microsoft Visual Studio Solution File, Format Version 12.00
# Visual Studio 15
VisualStudioVersion = 15.0.28307.421
MinimumVisualStudioVersion = 10.0.40219.1
Project("{8BC9CEB8-8B4A-11D0-8D11-00A0C91BC942}") = "Lab3", "Lab3\Lab3.vcxproj", "{79166FDC-0AA7-42DB-854C-475D4B7B779F}"
EndProject
Global
	GlobalSection(SolutionConfigurationPlatforms) = preSolution
		Debug|x64 = Debug|x64
		Debug|x86 = Debug|x86
		Release|x64 = Release|x64
		Release|x86 = Release|x86
	EndGlobalSection
	GlobalSection(ProjectConfigurationPlatforms) = postSolution
		{79166FDC-0AA7-42DB-854C-475D4B7B779F}.Debug|x64.ActiveCfg = Debug|x64
		{79166FDC-0AA7-42DB-854C-475D4B7B779F}.Debug|x64.Build.0 = Debug|x64
		{79166FDC-0AA7-42DB-854C-475D4B7B779F}.Debug|x86.ActiveCfg = Debug|Win32
		{79166FDC-0AA7-42DB-854C-475D4B7B779F}.Debug|x86.Build.0 = Debug|Win32
		{79166FDC-0AA7-42DB-854C-475D4B7B779F}.Release|x64.ActiveCfg = Release|x64
		{79166FDC-0AA7-42DB-854C-475D4B7B779F}.Release|x64.Build.0 = Release|x64
		{79166FDC-0AA7-42DB-854C-475D4B7B779F}.Release|x86.ActiveCfg = Release|Win32
		{79166FDC-0AA7-42DB-854C-475D4B7B779F}.Release|x86.Build.0 = Release|Win32
	EndGlobalSection
	GlobalSection(SolutionProperties) = preSolution
		HideSolutionNode = FALSE
	EndGlobalSection
	GlobalSection(ExtensibilityGlobals) = postSolution
		SolutionGuid = {498C91BB-C111-4E4A-A138-E8C5384F0A6E}
	EndGlobalSection
EndGlobal
